{
  "name": "chart",
  "lockfileVersion": 2,
  "requires": true,
  "packages": {
    "": {
      "dependencies": {
        "chartist-plugin-pointlabels": "^0.0.6"
      }
    },
    "node_modules/chartist-plugin-pointlabels": {
      "version": "0.0.6",
      "resolved": "https://registry.npmjs.org/chartist-plugin-pointlabels/-/chartist-plugin-pointlabels-0.0.6.tgz",
      "integrity": "sha512-DUemVUBWAN0qAHBUMXKKLrDCsUL1qWWwN+EfxN8gpftgXSheMiYeq83uHoHyp4X+W5Pz/aUWBf3N/HJwj+eRFw==",
      "engines": {
        "node": ">=0.8.0"
      }
    }
  },
  "dependencies": {
    "chartist-plugin-pointlabels": {
      "version": "0.0.6",
      "resolved": "https://registry.npmjs.org/chartist-plugin-pointlabels/-/chartist-plugin-pointlabels-0.0.6.tgz",
      "integrity": "sha512-DUemVUBWAN0qAHBUMXKKLrDCsUL1qWWwN+EfxN8gpftgXSheMiYeq83uHoHyp4X+W5Pz/aUWBf3N/HJwj+eRFw=="
    }
  }
}
